<?xml version="1.0" encoding="utf-8"?>
<Project ToolsVersion="4.0" xmlns="http://schemas.microsoft.com/developer/msbuild/2003">
  <ItemGroup>
    <Filter Include="Archivos de origen">
      <UniqueIdentifier>{4FC737F1-C7A5-4376-A066-2A32D752A2FF}</UniqueIdentifier>
      <Extensions>cpp;c;cc;cxx;c++;cppm;ixx;def;odl;idl;hpj;bat;asm;asmx</Extensions>
    </Filter>
    <Filter Include="Archivos de encabezado">
      <UniqueIdentifier>{93995380-89BD-4b04-88EB-625FBE52EBFB}</UniqueIdentifier>
      <Extensions>h;hh;hpp;hxx;h++;hm;inl;inc;ipp;xsd</Extensions>
    </Filter>
    <Filter Include="Archivos de recursos">
      <UniqueIdentifier>{67DA6AB6-F800-4c08-8B7A-83BB121AAD01}</UniqueIdentifier>
      <Extensions>rc;ico;cur;bmp;dlg;rc2;rct;bin;rgs;gif;jpg;jpeg;jpe;resx;tiff;tif;png;wav;mfcribbon-ms</Extensions>
    </Filter>
  </ItemGroup>
  <ItemGroup>
    <ClCompile Include="FInal.cpp">
      <Filter>Archivos de origen</Filter>
    </ClCompile>
    <ClCompile Include="E:\JEREM\Proyecto_Final_Primer_Semestre\Registros.cpp">
      <Filter>Archivos de origen</Filter>
    </ClCompile>
    <ClCompile Include="E:\JEREM\Proyecto_Final_Primer_Semestre\cargar_guardar.cpp">
      <Filter>Archivos de origen</Filter>
    </ClCompile>
    <ClCompile Include="E:\JEREM\Proyecto_Final_Primer_Semestre\presentar_libro.cpp">
      <Filter>Archivos de origen</Filter>
    </ClCompile>
    <ClCompile Include="share_return_book.cpp">
      <Filter>Archivos de origen</Filter>
    </ClCompile>
    <ClCompile Include="insertar_libro.cpp">
      <Filter>Archivos de origen</Filter>
    </ClCompile>
    <ClCompile Include="buscar.cpp">
      <Filter>Archivos de origen</Filter>
    </ClCompile>
  </ItemGroup>
  <ItemGroup>
    <ClInclude Include="E:\JEREM\Proyecto_Final_Primer_Semestre\cargar_guardar.h">
      <Filter>Archivos de encabezado</Filter>
    </ClInclude>
    <ClInclude Include="E:\JEREM\Proyecto_Final_Primer_Semestre\presentar_libro.h">
      <Filter>Archivos de encabezado</Filter>
    </ClInclude>
    <ClInclude Include="E:\JEREM\Proyecto_Final_Primer_Semestre\Registros.h">
      <Filter>Archivos de encabezado</Filter>
    </ClInclude>
    <ClInclude Include="E:\JEREM\Proyecto_Final_Primer_Semestre\rlutil.h">
      <Filter>Archivos de encabezado</Filter>
    </ClInclude>
    <ClInclude Include="share_return_book.h">
      <Filter>Archivos de encabezado</Filter>
    </ClInclude>
    <ClInclude Include="insertar_libro.h">
      <Filter>Archivos de encabezado</Filter>
    </ClInclude>
    <ClInclude Include="Estructura.h">
      <Filter>Archivos de encabezado</Filter>
    </ClInclude>
    <ClInclude Include="buscar.h">
      <Filter>Archivos de encabezado</Filter>
    </ClInclude>
  </ItemGroup>
  <ItemGroup>
    <Text Include="E:\JEREM\Proyecto_Final_Primer_Semestre\Registros.txt">
      <Filter>Archivos de recursos</Filter>
    </Text>
    <Text Include="E:\JEREM\Proyecto_Final_Primer_Semestre\Libros.txt">
      <Filter>Archivos de recursos</Filter>
    </Text>
    <Text Include="E:\JEREM\Proyecto_Final_Primer_Semestre\Categorias.txt">
      <Filter>Archivos de recursos</Filter>
    </Text>
    <Text Include="clientes_libros.txt" />
  </ItemGroup>
</Project>